<?xml version="1.0" encoding="utf-8"?>
<Project ToolsVersion="17.0" xmlns="http://schemas.microsoft.com/developer/msbuild/2003">
  <ItemGroup>
    <ClCompile Include="D:\Nidya\getting_parameter\windows\flutter\ephemeral\cpp_client_wrapper\core_implementations.cc">
      <Filter>Source Files</Filter>
    </ClCompile>
    <ClCompile Include="D:\Nidya\getting_parameter\windows\flutter\ephemeral\cpp_client_wrapper\standard_codec.cc">
      <Filter>Source Files</Filter>
    </ClCompile>
    <ClCompile Include="D:\Nidya\getting_parameter\windows\flutter\ephemeral\cpp_client_wrapper\plugin_registrar.cc">
      <Filter>Source Files</Filter>
    </ClCompile>
  </ItemGroup>
  <ItemGroup>
    <CustomBuild Include="D:\Nidya\getting_parameter\windows\flutter\CMakeLists.txt" />
  </ItemGroup>
  <ItemGroup>
    <Filter Include="CMake Rules">
      <UniqueIdentifier>{57BCF88C-A748-32CB-8E83-6B1A5AFA3F1E}</UniqueIdentifier>
    </Filter>
    <Filter Include="Source Files">
      <UniqueIdentifier>{43042D61-E3EC-36C6-957F-5C885EF9E78C}</UniqueIdentifier>
    </Filter>
  </ItemGroup>
</Project>
