<?xml version="1.0" encoding="utf-8"?>
<Project ToolsVersion="17.0" xmlns="http://schemas.microsoft.com/developer/msbuild/2003">
  <ItemGroup>
    <CustomBuild Include="D:\Nidya\getting_parameter\build\windows\x64\CMakeFiles\a010f389efd63d3e273bc3858f38e6fc\INSTALL_force.rule">
      <Filter>CMake Rules</Filter>
    </CustomBuild>
  </ItemGroup>
  <ItemGroup>
    <Filter Include="CMake Rules">
      <UniqueIdentifier>{57BCF88C-A748-32CB-8E83-6B1A5AFA3F1E}</UniqueIdentifier>
    </Filter>
  </ItemGroup>
</Project>
