
Microsoft Visual Studio Solution File, Format Version 12.00
# Visual Studio Version 17
Project("{8BC9CEB8-8B4A-11D0-8D11-00A0C91BC942}") = "ALL_BUILD", "ALL_BUILD.vcxproj", "{5A0E36C4-C67D-31E7-A736-81CB43CAB849}"
	ProjectSection(ProjectDependencies) = postProject
		{92CE5DE0-9943-31C0-A0D4-05DFEAAA5CE4} = {92CE5DE0-9943-31C0-A0D4-05DFEAAA5CE4}
		{F77FEF1C-01AC-3F56-AE6E-E88FA3506B83} = {F77FEF1C-01AC-3F56-AE6E-E88FA3506B83}
	EndProjectSection
EndProject
Project("{8BC9CEB8-8B4A-11D0-8D11-00A0C91BC942}") = "INSTALL", "INSTALL.vcxproj", "{F2F5E9F7-5796-3450-BBE0-BF238294E4F3}"
	ProjectSection(ProjectDependencies) = postProject
		{5A0E36C4-C67D-31E7-A736-81CB43CAB849} = {5A0E36C4-C67D-31E7-A736-81CB43CAB849}
		{92CE5DE0-9943-31C0-A0D4-05DFEAAA5CE4} = {92CE5DE0-9943-31C0-A0D4-05DFEAAA5CE4}
	EndProjectSection
EndProject
Project("{8BC9CEB8-8B4A-11D0-8D11-00A0C91BC942}") = "ZERO_CHECK", "..\\ZERO_CHECK.vcxproj", "{92CE5DE0-9943-31C0-A0D4-05DFEAAA5CE4}"
	ProjectSection(ProjectDependencies) = postProject
	EndProjectSection
EndProject
Project("{8BC9CEB8-8B4A-11D0-8D11-00A0C91BC942}") = "flutter_assemble", "..\flutter\flutter_assemble.vcxproj", "{7164893A-2624-3B7D-B7BE-FB9E68D0B01D}"
	ProjectSection(ProjectDependencies) = postProject
		{92CE5DE0-9943-31C0-A0D4-05DFEAAA5CE4} = {92CE5DE0-9943-31C0-A0D4-05DFEAAA5CE4}
	EndProjectSection
EndProject
Project("{8BC9CEB8-8B4A-11D0-8D11-00A0C91BC942}") = "flutter_wrapper_app", "..\flutter\flutter_wrapper_app.vcxproj", "{6CBCA1AE-7574-31EC-9528-D5A2D7033A9D}"
	ProjectSection(ProjectDependencies) = postProject
		{92CE5DE0-9943-31C0-A0D4-05DFEAAA5CE4} = {92CE5DE0-9943-31C0-A0D4-05DFEAAA5CE4}
		{7164893A-2624-3B7D-B7BE-FB9E68D0B01D} = {7164893A-2624-3B7D-B7BE-FB9E68D0B01D}
	EndProjectSection
EndProject
Project("{8BC9CEB8-8B4A-11D0-8D11-00A0C91BC942}") = "getting_parameter", "getting_parameter.vcxproj", "{F77FEF1C-01AC-3F56-AE6E-E88FA3506B83}"
	ProjectSection(ProjectDependencies) = postProject
		{92CE5DE0-9943-31C0-A0D4-05DFEAAA5CE4} = {92CE5DE0-9943-31C0-A0D4-05DFEAAA5CE4}
		{7164893A-2624-3B7D-B7BE-FB9E68D0B01D} = {7164893A-2624-3B7D-B7BE-FB9E68D0B01D}
		{6CBCA1AE-7574-31EC-9528-D5A2D7033A9D} = {6CBCA1AE-7574-31EC-9528-D5A2D7033A9D}
	EndProjectSection
EndProject
Global
	GlobalSection(SolutionConfigurationPlatforms) = preSolution
		Debug|x64 = Debug|x64
		Profile|x64 = Profile|x64
		Release|x64 = Release|x64
	EndGlobalSection
	GlobalSection(ProjectConfigurationPlatforms) = postSolution
		{5A0E36C4-C67D-31E7-A736-81CB43CAB849}.Debug|x64.ActiveCfg = Debug|x64
		{5A0E36C4-C67D-31E7-A736-81CB43CAB849}.Debug|x64.Build.0 = Debug|x64
		{5A0E36C4-C67D-31E7-A736-81CB43CAB849}.Profile|x64.ActiveCfg = Profile|x64
		{5A0E36C4-C67D-31E7-A736-81CB43CAB849}.Profile|x64.Build.0 = Profile|x64
		{5A0E36C4-C67D-31E7-A736-81CB43CAB849}.Release|x64.ActiveCfg = Release|x64
		{5A0E36C4-C67D-31E7-A736-81CB43CAB849}.Release|x64.Build.0 = Release|x64
		{F2F5E9F7-5796-3450-BBE0-BF238294E4F3}.Debug|x64.ActiveCfg = Debug|x64
		{F2F5E9F7-5796-3450-BBE0-BF238294E4F3}.Profile|x64.ActiveCfg = Profile|x64
		{F2F5E9F7-5796-3450-BBE0-BF238294E4F3}.Release|x64.ActiveCfg = Release|x64
		{92CE5DE0-9943-31C0-A0D4-05DFEAAA5CE4}.Debug|x64.ActiveCfg = Debug|x64
		{92CE5DE0-9943-31C0-A0D4-05DFEAAA5CE4}.Debug|x64.Build.0 = Debug|x64
		{92CE5DE0-9943-31C0-A0D4-05DFEAAA5CE4}.Profile|x64.ActiveCfg = Profile|x64
		{92CE5DE0-9943-31C0-A0D4-05DFEAAA5CE4}.Profile|x64.Build.0 = Profile|x64
		{92CE5DE0-9943-31C0-A0D4-05DFEAAA5CE4}.Release|x64.ActiveCfg = Release|x64
		{92CE5DE0-9943-31C0-A0D4-05DFEAAA5CE4}.Release|x64.Build.0 = Release|x64
		{7164893A-2624-3B7D-B7BE-FB9E68D0B01D}.Debug|x64.ActiveCfg = Debug|x64
		{7164893A-2624-3B7D-B7BE-FB9E68D0B01D}.Debug|x64.Build.0 = Debug|x64
		{7164893A-2624-3B7D-B7BE-FB9E68D0B01D}.Profile|x64.ActiveCfg = Profile|x64
		{7164893A-2624-3B7D-B7BE-FB9E68D0B01D}.Profile|x64.Build.0 = Profile|x64
		{7164893A-2624-3B7D-B7BE-FB9E68D0B01D}.Release|x64.ActiveCfg = Release|x64
		{7164893A-2624-3B7D-B7BE-FB9E68D0B01D}.Release|x64.Build.0 = Release|x64
		{6CBCA1AE-7574-31EC-9528-D5A2D7033A9D}.Debug|x64.ActiveCfg = Debug|x64
		{6CBCA1AE-7574-31EC-9528-D5A2D7033A9D}.Debug|x64.Build.0 = Debug|x64
		{6CBCA1AE-7574-31EC-9528-D5A2D7033A9D}.Profile|x64.ActiveCfg = Profile|x64
		{6CBCA1AE-7574-31EC-9528-D5A2D7033A9D}.Profile|x64.Build.0 = Profile|x64
		{6CBCA1AE-7574-31EC-9528-D5A2D7033A9D}.Release|x64.ActiveCfg = Release|x64
		{6CBCA1AE-7574-31EC-9528-D5A2D7033A9D}.Release|x64.Build.0 = Release|x64
		{F77FEF1C-01AC-3F56-AE6E-E88FA3506B83}.Debug|x64.ActiveCfg = Debug|x64
		{F77FEF1C-01AC-3F56-AE6E-E88FA3506B83}.Debug|x64.Build.0 = Debug|x64
		{F77FEF1C-01AC-3F56-AE6E-E88FA3506B83}.Profile|x64.ActiveCfg = Profile|x64
		{F77FEF1C-01AC-3F56-AE6E-E88FA3506B83}.Profile|x64.Build.0 = Profile|x64
		{F77FEF1C-01AC-3F56-AE6E-E88FA3506B83}.Release|x64.ActiveCfg = Release|x64
		{F77FEF1C-01AC-3F56-AE6E-E88FA3506B83}.Release|x64.Build.0 = Release|x64
	EndGlobalSection
	GlobalSection(ExtensibilityGlobals) = postSolution
		SolutionGuid = {BD79C3AB-5976-334B-80CF-67C670B313C4}
	EndGlobalSection
	GlobalSection(ExtensibilityAddIns) = postSolution
	EndGlobalSection
EndGlobal
